Microsoft Visual Studio Solution File, Format Version 12.00
# Visual Studio Version 16
VisualStudioVersion = 16.0.30309.148
MinimumVisualStudioVersion = 10.0.40219.1
Project("{9A19103F-16F7-4668-BE54-9A1E7A4F7556}") = "CRUDFilmDbProject", "CRUDFilmDbProject\CRUDFilmDbProject.csproj", "{2BE23A04-966E-40E9-9CD0-055CF7CA54B2}"
EndProject
Global
	GlobalSection(SolutionConfigurationPlatforms) = preSolution
		Debug|Any CPU = Debug|Any CPU
		Release|Any CPU = Release|Any CPU
	EndGlobalSection
	GlobalSection(ProjectConfigurationPlatforms) = postSolution
		{2BE23A04-966E-40E9-9CD0-055CF7CA54B2}.Debug|Any CPU.ActiveCfg = Debug|Any CPU
		{2BE23A04-966E-40E9-9CD0-055CF7CA54B2}.Debug|Any CPU.Build.0 = Debug|Any CPU
		{2BE23A04-966E-40E9-9CD0-055CF7CA54B2}.Release|Any CPU.ActiveCfg = Release|Any CPU
		{2BE23A04-966E-40E9-9CD0-055CF7CA54B2}.Release|Any CPU.Build.0 = Release|Any CPU
	EndGlobalSection
	GlobalSection(SolutionProperties) = preSolution
		HideSolutionNode = FALSE
	EndGlobalSection
	GlobalSection(ExtensibilityGlobals) = postSolution
		SolutionGuid = {32790BD8-BD0A-4F86-AEB8-A07163E2AA42}
	EndGlobalSection
EndGlobal
